<?xml version="1.0" encoding="utf-8"?>
<Project ToolsVersion="4.0" xmlns="http://schemas.microsoft.com/developer/msbuild/2003">
  <ItemGroup>
    <Filter Include="Source Files">
      <UniqueIdentifier>{4FC737F1-C7A5-4376-A066-2A32D752A2FF}</UniqueIdentifier>
      <Extensions>cpp;c;cc;cxx;def;odl;idl;hpj;bat;asm;asmx</Extensions>
    </Filter>
    <Filter Include="Header Files">
      <UniqueIdentifier>{93995380-89BD-4b04-88EB-625FBE52EBFB}</UniqueIdentifier>
      <Extensions>h;hpp;hxx;hm;inl;inc;xsd</Extensions>
    </Filter>
    <Filter Include="Resource Files">
      <UniqueIdentifier>{67DA6AB6-F800-4c08-8B7A-83BB121AAD01}</UniqueIdentifier>
      <Extensions>rc;ico;cur;bmp;dlg;rc2;rct;bin;rgs;gif;jpg;jpeg;jpe;resx;tiff;tif;png;wav;mfcribbon-ms</Extensions>
    </Filter>
  </ItemGroup>
  <ItemGroup>
    <ClCompile Include="..\..\filehlp.cpp">
      <Filter>Source Files</Filter>
    </ClCompile>
    <ClCompile Include="..\..\flt.cpp">
      <Filter>Source Files</Filter>
    </ClCompile>
    <ClCompile Include="..\..\main.cpp">
      <Filter>Source Files</Filter>
    </ClCompile>
    <ClCompile Include="..\..\mm.cpp">
      <Filter>Source Files</Filter>
    </ClCompile>
    <ClCompile Include="..\..\security.cpp">
      <Filter>Source Files</Filter>
    </ClCompile>
    <ClCompile Include="..\..\volhlp.cpp">
      <Filter>Source Files</Filter>
    </ClCompile>
    <ClCompile Include="..\..\eventqueue.cpp">
      <Filter>Source Files</Filter>
    </ClCompile>
    <ClCompile Include="..\..\commport.cpp">
      <Filter>Source Files</Filter>
    </ClCompile>
    <ClCompile Include="..\..\excludes.cpp">
      <Filter>Source Files</Filter>
    </ClCompile>
    <ClCompile Include="..\..\fileflt.cpp">
      <Filter>Source Files</Filter>
    </ClCompile>
    <ClCompile Include="..\..\volumeflt.cpp">
      <Filter>Source Files</Filter>
    </ClCompile>
    <ClCompile Include="..\..\fltstore.cpp">
      <Filter>Source Files</Filter>
    </ClCompile>
    <ClCompile Include="..\..\proclist.cpp">
      <Filter>Source Files</Filter>
    </ClCompile>
    <ClCompile Include="..\..\fltbox.cpp">
      <Filter>Source Files</Filter>
    </ClCompile>
  </ItemGroup>
  <ItemGroup>
    <ClInclude Include="..\..\filehlp.h">
      <Filter>Header Files</Filter>
    </ClInclude>
    <ClInclude Include="..\..\flt.h">
      <Filter>Header Files</Filter>
    </ClInclude>
    <ClInclude Include="..\..\main.h">
      <Filter>Header Files</Filter>
    </ClInclude>
    <ClInclude Include="..\..\mm.h">
      <Filter>Header Files</Filter>
    </ClInclude>
    <ClInclude Include="..\..\pch.h">
      <Filter>Header Files</Filter>
    </ClInclude>
    <ClInclude Include="..\..\security.h">
      <Filter>Header Files</Filter>
    </ClInclude>
    <ClInclude Include="..\..\ver.h">
      <Filter>Header Files</Filter>
    </ClInclude>
    <ClInclude Include="..\..\volhlp.h">
      <Filter>Header Files</Filter>
    </ClInclude>
    <ClInclude Include="..\..\eventqueue.h">
      <Filter>Header Files</Filter>
    </ClInclude>
    <ClInclude Include="..\..\commport.h">
      <Filter>Header Files</Filter>
    </ClInclude>
    <ClInclude Include="..\..\excludes.h">
      <Filter>Header Files</Filter>
    </ClInclude>
    <ClInclude Include="..\..\fileflt.h">
      <Filter>Header Files</Filter>
    </ClInclude>
    <ClInclude Include="..\..\volumeflt.h">
      <Filter>Header Files</Filter>
    </ClInclude>
    <ClInclude Include="..\..\fltstore.h">
      <Filter>Header Files</Filter>
    </ClInclude>
    <ClInclude Include="..\..\proclist.h">
      <Filter>Header Files</Filter>
    </ClInclude>
    <ClInclude Include="..\..\fltbox.h">
      <Filter>Header Files</Filter>
    </ClInclude>
  </ItemGroup>
</Project>