<?xml version="1.0" encoding="utf-8"?>
<Project ToolsVersion="4.0" xmlns="http://schemas.microsoft.com/developer/msbuild/2003">
  <ItemGroup>
    <Filter Include="Source Files">
      <UniqueIdentifier>{4FC737F1-C7A5-4376-A066-2A32D752A2FF}</UniqueIdentifier>
      <Extensions>cpp;c;cc;cxx;def;odl;idl;hpj;bat;asm;asmx</Extensions>
    </Filter>
    <Filter Include="Header Files">
      <UniqueIdentifier>{93995380-89BD-4b04-88EB-625FBE52EBFB}</UniqueIdentifier>
      <Extensions>h;hpp;hxx;hm;inl;inc;xsd</Extensions>
    </Filter>
    <Filter Include="Resource Files">
      <UniqueIdentifier>{67DA6AB6-F800-4c08-8B7A-83BB121AAD01}</UniqueIdentifier>
      <Extensions>rc;ico;cur;bmp;dlg;rc2;rct;bin;rgs;gif;jpg;jpeg;jpe;resx;tiff;tif;png;wav;mfcribbon-ms</Extensions>
    </Filter>
    <Filter Include="FilteringSystem">
      <UniqueIdentifier>{c8df1e99-970a-4fae-bf2e-697caa340bf8}</UniqueIdentifier>
    </Filter>
    <Filter Include="FilteringSystem\Header Files">
      <UniqueIdentifier>{7e4c2529-39af-4a31-be79-588013c53ffa}</UniqueIdentifier>
    </Filter>
    <Filter Include="FilteringSystem\Source Files">
      <UniqueIdentifier>{c6bde905-6d43-4c79-9bcc-360c7b5076ab}</UniqueIdentifier>
    </Filter>
  </ItemGroup>
  <ItemGroup>
    <ResourceCompile Include="..\..\main\accessch.rc">
      <Filter>Resource Files</Filter>
    </ResourceCompile>
  </ItemGroup>
  <ItemGroup>
    <ClCompile Include="..\..\main\commport.cpp">
      <Filter>Source Files</Filter>
    </ClCompile>
    <ClCompile Include="..\..\main\eventqueue.cpp">
      <Filter>Source Files</Filter>
    </ClCompile>
    <ClCompile Include="..\..\main\excludes.cpp">
      <Filter>Source Files</Filter>
    </ClCompile>
    <ClCompile Include="..\..\main\fileflt.cpp">
      <Filter>Source Files</Filter>
    </ClCompile>
    <ClCompile Include="..\..\main\filehlp.cpp">
      <Filter>Source Files</Filter>
    </ClCompile>
    <ClCompile Include="..\..\main\main.cpp">
      <Filter>Source Files</Filter>
    </ClCompile>
    <ClCompile Include="..\..\main\proclist.cpp">
      <Filter>Source Files</Filter>
    </ClCompile>
    <ClCompile Include="..\..\main\security.cpp">
      <Filter>Source Files</Filter>
    </ClCompile>
    <ClCompile Include="..\..\main\volhlp.cpp">
      <Filter>Source Files</Filter>
    </ClCompile>
    <ClCompile Include="..\..\main\volumeflt.cpp">
      <Filter>Source Files</Filter>
    </ClCompile>
    <ClCompile Include="..\..\fltsystem\fltbox.cpp">
      <Filter>FilteringSystem\Source Files</Filter>
    </ClCompile>
    <ClCompile Include="..\..\fltsystem\fltsystem.cpp">
      <Filter>FilteringSystem\Source Files</Filter>
    </ClCompile>
    <ClCompile Include="..\..\fltsystem\fltchecks.cpp">
      <Filter>FilteringSystem\Source Files</Filter>
    </ClCompile>
    <ClCompile Include="..\..\fltsystem\fltevents.cpp">
      <Filter>FilteringSystem\Source Files</Filter>
    </ClCompile>
    <ClCompile Include="..\..\fltsystem\fltfilters.cpp">
      <Filter>FilteringSystem\Source Files</Filter>
    </ClCompile>
    <ClCompile Include="..\..\fltsystem\fltstorage.cpp">
      <Filter>FilteringSystem\Source Files</Filter>
    </ClCompile>
    <ClCompile Include="..\..\osspec\osspec.cpp">
      <Filter>Source Files</Filter>
    </ClCompile>
  </ItemGroup>
  <ItemGroup>
    <ClInclude Include="..\..\main\commport.h">
      <Filter>Header Files</Filter>
    </ClInclude>
    <ClInclude Include="..\..\main\eventqueue.h">
      <Filter>Header Files</Filter>
    </ClInclude>
    <ClInclude Include="..\..\main\excludes.h">
      <Filter>Header Files</Filter>
    </ClInclude>
    <ClInclude Include="..\..\main\fileflt.h">
      <Filter>Header Files</Filter>
    </ClInclude>
    <ClInclude Include="..\..\main\filehlp.h">
      <Filter>Header Files</Filter>
    </ClInclude>
    <ClInclude Include="..\..\main\main.h">
      <Filter>Header Files</Filter>
    </ClInclude>
    <ClInclude Include="..\..\main\proclist.h">
      <Filter>Header Files</Filter>
    </ClInclude>
    <ClInclude Include="..\..\main\security.h">
      <Filter>Header Files</Filter>
    </ClInclude>
    <ClInclude Include="..\..\main\ver.h">
      <Filter>Header Files</Filter>
    </ClInclude>
    <ClInclude Include="..\..\main\volhlp.h">
      <Filter>Header Files</Filter>
    </ClInclude>
    <ClInclude Include="..\..\main\volumeflt.h">
      <Filter>Header Files</Filter>
    </ClInclude>
    <ClInclude Include="..\..\inc\fltsystem.h">
      <Filter>Header Files</Filter>
    </ClInclude>
    <ClInclude Include="..\..\fltsystem\fltbox.h">
      <Filter>FilteringSystem\Header Files</Filter>
    </ClInclude>
    <ClInclude Include="..\..\inc\fltevents.h">
      <Filter>FilteringSystem\Header Files</Filter>
    </ClInclude>
    <ClInclude Include="..\..\fltsystem\fltfilters.h">
      <Filter>FilteringSystem\Header Files</Filter>
    </ClInclude>
    <ClInclude Include="..\..\inc\fltstorage.h">
      <Filter>FilteringSystem\Header Files</Filter>
    </ClInclude>
    <ClInclude Include="..\..\fltsystem\fltchecks.h">
      <Filter>FilteringSystem\Header Files</Filter>
    </ClInclude>
    <ClInclude Include="..\..\inc\commonkrnl.h">
      <Filter>Header Files</Filter>
    </ClInclude>
    <ClInclude Include="..\..\inc\memmgr.h">
      <Filter>Header Files</Filter>
    </ClInclude>
    <ClInclude Include="..\..\inc\osspec.h">
      <Filter>Header Files</Filter>
    </ClInclude>
  </ItemGroup>
</Project>