
Microsoft Visual Studio Solution File, Format Version 11.00
# Visual C++ Express 2010
Project("{8BC9CEB8-8B4A-11D0-8D11-00A0C91BC942}") = "prj", "prj\prj.vcxproj", "{4DDC1CD3-9766-4A45-861C-1F3046E2E5FC}"
EndProject
Global
	GlobalSection(SolutionConfigurationPlatforms) = preSolution
		Debug x64|Win32 = Debug x64|Win32
		Debug|Win32 = Debug|Win32
		Release|Win32 = Release|Win32
	EndGlobalSection
	GlobalSection(ProjectConfigurationPlatforms) = postSolution
		{4DDC1CD3-9766-4A45-861C-1F3046E2E5FC}.Debug x64|Win32.ActiveCfg = Debug x64|Win32
		{4DDC1CD3-9766-4A45-861C-1F3046E2E5FC}.Debug x64|Win32.Build.0 = Debug x64|Win32
		{4DDC1CD3-9766-4A45-861C-1F3046E2E5FC}.Debug|Win32.ActiveCfg = Debug|Win32
		{4DDC1CD3-9766-4A45-861C-1F3046E2E5FC}.Debug|Win32.Build.0 = Debug|Win32
		{4DDC1CD3-9766-4A45-861C-1F3046E2E5FC}.Release|Win32.ActiveCfg = Release|Win32
		{4DDC1CD3-9766-4A45-861C-1F3046E2E5FC}.Release|Win32.Build.0 = Release|Win32
	EndGlobalSection
	GlobalSection(SolutionProperties) = preSolution
		HideSolutionNode = FALSE
	EndGlobalSection
EndGlobal
