<?xml version="1.0" encoding="utf-8"?>
<Project ToolsVersion="4.0" xmlns="http://schemas.microsoft.com/developer/msbuild/2003">
  <ItemGroup>
    <Filter Include="Source Files">
      <UniqueIdentifier>{4FC737F1-C7A5-4376-A066-2A32D752A2FF}</UniqueIdentifier>
      <Extensions>cpp;c;cc;cxx;def;odl;idl;hpj;bat;asm;asmx</Extensions>
    </Filter>
    <Filter Include="Header Files">
      <UniqueIdentifier>{93995380-89BD-4b04-88EB-625FBE52EBFB}</UniqueIdentifier>
      <Extensions>h;hpp;hxx;hm;inl;inc;xsd</Extensions>
    </Filter>
    <Filter Include="Resource Files">
      <UniqueIdentifier>{67DA6AB6-F800-4c08-8B7A-83BB121AAD01}</UniqueIdentifier>
      <Extensions>rc;ico;cur;bmp;dlg;rc2;rct;bin;rgs;gif;jpg;jpeg;jpe;resx;tiff;tif;png;wav;mfcribbon-ms</Extensions>
    </Filter>
    <Filter Include="Source Files\Channel">
      <UniqueIdentifier>{73618d3e-8442-4c65-8e2a-cd365338fbc4}</UniqueIdentifier>
    </Filter>
    <Filter Include="Source Files\FilteringSystem">
      <UniqueIdentifier>{c8df1e99-970a-4fae-bf2e-697caa340bf8}</UniqueIdentifier>
    </Filter>
    <Filter Include="Source Files\FilteringSystem\Header Files">
      <UniqueIdentifier>{7e4c2529-39af-4a31-be79-588013c53ffa}</UniqueIdentifier>
    </Filter>
    <Filter Include="Source Files\FilteringSystem\Source Files">
      <UniqueIdentifier>{c6bde905-6d43-4c79-9bcc-360c7b5076ab}</UniqueIdentifier>
    </Filter>
    <Filter Include="Source Files\FileMgr">
      <UniqueIdentifier>{d9ea7dc8-b8c8-4cd9-89ee-b05b6e3e0925}</UniqueIdentifier>
    </Filter>
    <Filter Include="Source Files\FileMgr\Source Files">
      <UniqueIdentifier>{f7714609-968e-4ec9-946a-a75bd2e98d18}</UniqueIdentifier>
    </Filter>
    <Filter Include="Source Files\FileMgr\Header Files">
      <UniqueIdentifier>{75f9307c-59c9-41e1-b17f-8ce4b1547dad}</UniqueIdentifier>
    </Filter>
    <Filter Include="Source Files\Memmgr">
      <UniqueIdentifier>{75c191ee-0e78-42a4-b8fa-122eb168d68d}</UniqueIdentifier>
    </Filter>
    <Filter Include="Source Files\Osspec">
      <UniqueIdentifier>{0a5f8446-9431-4d2d-b389-1ebd8903306e}</UniqueIdentifier>
    </Filter>
    <Filter Include="Source Files\ProcessHelper">
      <UniqueIdentifier>{4b9d4463-60d0-4666-aa3b-6e124c305c95}</UniqueIdentifier>
    </Filter>
  </ItemGroup>
  <ItemGroup>
    <ResourceCompile Include="..\..\main\accessch.rc">
      <Filter>Resource Files</Filter>
    </ResourceCompile>
  </ItemGroup>
  <ItemGroup>
    <ClCompile Include="..\..\fltsystem\fltbox.cpp">
      <Filter>Source Files\FilteringSystem\Source Files</Filter>
    </ClCompile>
    <ClCompile Include="..\..\fltsystem\fltsystem.cpp">
      <Filter>Source Files\FilteringSystem\Source Files</Filter>
    </ClCompile>
    <ClCompile Include="..\..\fltsystem\fltchecks.cpp">
      <Filter>Source Files\FilteringSystem\Source Files</Filter>
    </ClCompile>
    <ClCompile Include="..\..\fltsystem\fltevents.cpp">
      <Filter>Source Files\FilteringSystem\Source Files</Filter>
    </ClCompile>
    <ClCompile Include="..\..\fltsystem\fltfilters.cpp">
      <Filter>Source Files\FilteringSystem\Source Files</Filter>
    </ClCompile>
    <ClCompile Include="..\..\fltsystem\fltstorage.cpp">
      <Filter>Source Files\FilteringSystem\Source Files</Filter>
    </ClCompile>
    <ClCompile Include="..\..\main\excludes.cpp">
      <Filter>Source Files</Filter>
    </ClCompile>
    <ClCompile Include="..\..\main\main.cpp">
      <Filter>Source Files</Filter>
    </ClCompile>
    <ClCompile Include="..\..\main\security.cpp">
      <Filter>Source Files</Filter>
    </ClCompile>
    <ClCompile Include="..\..\channel\channel.cpp">
      <Filter>Source Files\Channel</Filter>
    </ClCompile>
    <ClCompile Include="..\..\channel\commport.cpp">
      <Filter>Source Files\Channel</Filter>
    </ClCompile>
    <ClCompile Include="..\..\channel\eventqueue.cpp">
      <Filter>Source Files\Channel</Filter>
    </ClCompile>
    <ClCompile Include="..\..\filemgr\fileflt.cpp">
      <Filter>Source Files\FileMgr\Source Files</Filter>
    </ClCompile>
    <ClCompile Include="..\..\filemgr\filehlp.cpp">
      <Filter>Source Files\FileMgr\Source Files</Filter>
    </ClCompile>
    <ClCompile Include="..\..\filemgr\filemgr.cpp">
      <Filter>Source Files\FileMgr\Source Files</Filter>
    </ClCompile>
    <ClCompile Include="..\..\filemgr\volhlp.cpp">
      <Filter>Source Files\FileMgr\Source Files</Filter>
    </ClCompile>
    <ClCompile Include="..\..\filemgr\volumeflt.cpp">
      <Filter>Source Files\FileMgr\Source Files</Filter>
    </ClCompile>
    <ClCompile Include="..\..\osspec\osspec.cpp">
      <Filter>Source Files\Osspec</Filter>
    </ClCompile>
    <ClCompile Include="..\..\memmgr\memmgr.cpp">
      <Filter>Source Files\Memmgr</Filter>
    </ClCompile>
    <ClCompile Include="..\..\processhelper\processhelper.cpp">
      <Filter>Source Files\ProcessHelper</Filter>
    </ClCompile>
    <ClCompile Include="..\..\filemgr\iosupport.cpp">
      <Filter>Source Files\FileMgr\Source Files</Filter>
    </ClCompile>
  </ItemGroup>
  <ItemGroup>
    <ClInclude Include="..\..\fltsystem\fltbox.h">
      <Filter>Source Files\FilteringSystem\Header Files</Filter>
    </ClInclude>
    <ClInclude Include="..\..\fltsystem\fltfilters.h">
      <Filter>Source Files\FilteringSystem\Header Files</Filter>
    </ClInclude>
    <ClInclude Include="..\..\fltsystem\fltchecks.h">
      <Filter>Source Files\FilteringSystem\Header Files</Filter>
    </ClInclude>
    <ClInclude Include="..\..\inc\commonkrnl.h">
      <Filter>Header Files</Filter>
    </ClInclude>
    <ClInclude Include="..\..\inc\excludes.h">
      <Filter>Header Files</Filter>
    </ClInclude>
    <ClInclude Include="..\..\inc\filemgr.h">
      <Filter>Header Files</Filter>
    </ClInclude>
    <ClInclude Include="..\..\inc\fltsystem.h">
      <Filter>Header Files</Filter>
    </ClInclude>
    <ClInclude Include="..\..\inc\memmgr.h">
      <Filter>Header Files</Filter>
    </ClInclude>
    <ClInclude Include="..\..\inc\osspec.h">
      <Filter>Header Files</Filter>
    </ClInclude>
    <ClInclude Include="..\..\inc\security.h">
      <Filter>Header Files</Filter>
    </ClInclude>
    <ClInclude Include="..\..\main\ver.h">
      <Filter>Header Files</Filter>
    </ClInclude>
    <ClInclude Include="..\..\channel\commport.h">
      <Filter>Source Files\Channel</Filter>
    </ClInclude>
    <ClInclude Include="..\..\channel\eventqueue.h">
      <Filter>Source Files\Channel</Filter>
    </ClInclude>
    <ClInclude Include="..\..\inc\channel.h">
      <Filter>Header Files</Filter>
    </ClInclude>
    <ClInclude Include="..\..\inc\fltevents.h">
      <Filter>Header Files</Filter>
    </ClInclude>
    <ClInclude Include="..\..\inc\fltstorage.h">
      <Filter>Header Files</Filter>
    </ClInclude>
    <ClInclude Include="..\..\filemgr\fileflt.h">
      <Filter>Source Files\FileMgr\Header Files</Filter>
    </ClInclude>
    <ClInclude Include="..\..\filemgr\filehlp.h">
      <Filter>Source Files\FileMgr\Header Files</Filter>
    </ClInclude>
    <ClInclude Include="..\..\filemgr\filestructs.h">
      <Filter>Source Files\FileMgr\Header Files</Filter>
    </ClInclude>
    <ClInclude Include="..\..\filemgr\volhlp.h">
      <Filter>Source Files\FileMgr\Header Files</Filter>
    </ClInclude>
    <ClInclude Include="..\..\filemgr\volumeflt.h">
      <Filter>Source Files\FileMgr\Header Files</Filter>
    </ClInclude>
    <ClInclude Include="..\..\inc\processhelper.h">
      <Filter>Header Files</Filter>
    </ClInclude>
    <ClInclude Include="..\..\inc\iosupport.h">
      <Filter>Header Files</Filter>
    </ClInclude>
  </ItemGroup>
  <ItemGroup>
    <None Include="..\..\main\makefile" />
    <None Include="..\..\main\sources" />
  </ItemGroup>
</Project>